
Microsoft Visual Studio Solution File, Format Version 12.00
# Visual Studio Version 17
VisualStudioVersion = 17.4.33213.308
MinimumVisualStudioVersion = 10.0.40219.1
Project("{9A19103F-16F7-4668-BE54-9A1E7A4F7556}") = "AssaltCubeHack", "AssaltCubeHack.csproj", "{844ED729-D06B-4248-91E0-EC99A06A5B3B}"
EndProject
Global
	GlobalSection(SolutionConfigurationPlatforms) = preSolution
		Debug|Any CPU = Debug|Any CPU
		Release|Any CPU = Release|Any CPU
	EndGlobalSection
	GlobalSection(ProjectConfigurationPlatforms) = postSolution
		{844ED729-D06B-4248-91E0-EC99A06A5B3B}.Debug|Any CPU.ActiveCfg = Debug|Any CPU
		{844ED729-D06B-4248-91E0-EC99A06A5B3B}.Debug|Any CPU.Build.0 = Debug|Any CPU
		{844ED729-D06B-4248-91E0-EC99A06A5B3B}.Release|Any CPU.ActiveCfg = Release|Any CPU
		{844ED729-D06B-4248-91E0-EC99A06A5B3B}.Release|Any CPU.Build.0 = Release|Any CPU
	EndGlobalSection
	GlobalSection(SolutionProperties) = preSolution
		HideSolutionNode = FALSE
	EndGlobalSection
	GlobalSection(ExtensibilityGlobals) = postSolution
		SolutionGuid = {C4E8E7E8-0D6A-480C-9076-C7BBD25956E6}
	EndGlobalSection
EndGlobal
